// !$*UTF8*$!
{
	archiveVersion = 1;
	classes = {
	};
	objectVersion = 56;
	objects = {

/* Begin PBXAggregateTarget section */
		C35F82682C0D061200A07318 /* UndeadWest */ = {
			isa = PBXAggregateTarget;
			buildConfigurationList = C35F82692C0D061200A07318 /* Build configuration list for PBXAggregateTarget "UndeadWest" */;
			buildPhases = (
			);
			dependencies = (
			);
			name = UndeadWest;
			productName = UndeadWest;
		};
/* End PBXAggregateTarget section */

/* Begin PBXFileReference section */
		C38F7E302C275A250081674E /* src */ = {isa = PBXFileReference; lastKnownFileType = folder; name = src; path = ../src; sourceTree = "<group>"; };
/* End PBXFileReference section */

/* Begin PBXGroup section */
		C30A147A2B505BE700A4BE26 = {
			isa = PBXGroup;
			children = (
				C38F7E302C275A250081674E /* src */,
			);
			sourceTree = "<group>";
		};
/* End PBXGroup section */

/* Begin PBXProject section */
		C30A147B2B505BE700A4BE26 /* Project object */ = {
			isa = PBXProject;
			attributes = {
				BuildIndependentTargetsInParallel = 1;
				LastUpgradeCheck = 1500;
				TargetAttributes = {
					C35F82682C0D061200A07318 = {
						CreatedOnToolsVersion = 15.0;
					};
				};
			};
			buildConfigurationList = C30A147E2B505BE700A4BE26 /* Build configuration list for PBXProject "UndeadWest" */;
			compatibilityVersion = "Xcode 14.0";
			developmentRegion = en;
			hasScannedForEncodings = 0;
			knownRegions = (
				en,
				Base,
			);
			mainGroup = C30A147A2B505BE700A4BE26;
			projectDirPath = "";
			projectRoot = "";
			targets = (
				C35F82682C0D061200A07318 /* UndeadWest */,
			);
		};
/* End PBXProject section */

/* Begin XCBuildConfiguration section */
		C30A147F2B505BE700A4BE26 /* Debug */ = {
			isa = XCBuildConfiguration;
			buildSettings = {
			};
			name = Debug;
		};
		C30A14802B505BE700A4BE26 /* Release */ = {
			isa = XCBuildConfiguration;
			buildSettings = {
			};
			name = Release;
		};
		C35F826A2C0D061200A07318 /* Debug */ = {
			isa = XCBuildConfiguration;
			buildSettings = {
				CODE_SIGN_STYLE = Automatic;
				PRODUCT_NAME = "$(TARGET_NAME)";
			};
			name = Debug;
		};
		C35F826B2C0D061200A07318 /* Release */ = {
			isa = XCBuildConfiguration;
			buildSettings = {
				CODE_SIGN_STYLE = Automatic;
				PRODUCT_NAME = "$(TARGET_NAME)";
			};
			name = Release;
		};
/* End XCBuildConfiguration section */

/* Begin XCConfigurationList section */
		C30A147E2B505BE700A4BE26 /* Build configuration list for PBXProject "UndeadWest" */ = {
			isa = XCConfigurationList;
			buildConfigurations = (
				C30A147F2B505BE700A4BE26 /* Debug */,
				C30A14802B505BE700A4BE26 /* Release */,
			);
			defaultConfigurationIsVisible = 0;
			defaultConfigurationName = Release;
		};
		C35F82692C0D061200A07318 /* Build configuration list for PBXAggregateTarget "UndeadWest" */ = {
			isa = XCConfigurationList;
			buildConfigurations = (
				C35F826A2C0D061200A07318 /* Debug */,
				C35F826B2C0D061200A07318 /* Release */,
			);
			defaultConfigurationIsVisible = 0;
			defaultConfigurationName = Release;
		};
/* End XCConfigurationList section */
	};
	rootObject = C30A147B2B505BE700A4BE26 /* Project object */;
}
